
Microsoft Visual Studio Solution File, Format Version 12.00
# Visual Studio Version 17
VisualStudioVersion = 17.11.35327.3
MinimumVisualStudioVersion = 10.0.40219.1
Project("{2150E333-8FDC-42A3-9474-1A3956D46DE8}") = "Task0", "Task0", "{01626318-8E36-42A7-B191-5D568D761946}"
EndProject
Project("{9A19103F-16F7-4668-BE54-9A1E7A4F7556}") = "Tyuiu.BabaiKV.Sprint4.Task0.V19", "Tyuiu.BabaiKV.Sprint4.Task0.V19\Tyuiu.BabaiKV.Sprint4.Task0.V19.csproj", "{C2CAC68A-2111-4B0A-A298-68BFEDBBED11}"
EndProject
Project("{9A19103F-16F7-4668-BE54-9A1E7A4F7556}") = "Tyuiu.BabaiKV.Sprint4.Task0.V19.Lib", "Tyuiu.BabaiKV.Sprint4.Task0.V19.Lib\Tyuiu.BabaiKV.Sprint4.Task0.V19.Lib.csproj", "{77A925D4-A373-4E40-A05B-DC9EB03B7031}"
EndProject
Project("{9A19103F-16F7-4668-BE54-9A1E7A4F7556}") = "Tyuiu.BabaiKV.Sprint4.Task0.V19.Test", "Tyuiu.BabaiKV.Sprint4.Task0.V19.Test\Tyuiu.BabaiKV.Sprint4.Task0.V19.Test.csproj", "{2C9143E3-54AA-475A-ABD0-2288BF43DB53}"
EndProject
Project("{2150E333-8FDC-42A3-9474-1A3956D46DE8}") = "Task1", "Task1", "{EE2F7A02-2D1A-429D-A400-3A0194BEBE53}"
EndProject
Project("{9A19103F-16F7-4668-BE54-9A1E7A4F7556}") = "Tyuiu.BabaiKV.Sprint4.Task1.V28", "Tyuiu.BabaiKV.Sprint4.Task1.V28\Tyuiu.BabaiKV.Sprint4.Task1.V28.csproj", "{37037A4C-F2CC-4E7B-8F2B-11DD39479ADD}"
EndProject
Project("{9A19103F-16F7-4668-BE54-9A1E7A4F7556}") = "Tyuiu.BabaiKV.Sprint4.Task1.V28.Lib", "Tyuiu.BabaiKV.Sprint4.Task1.V28.Lib\Tyuiu.BabaiKV.Sprint4.Task1.V28.Lib.csproj", "{806E028F-AE41-4F3D-8062-881C1A854174}"
EndProject
Project("{9A19103F-16F7-4668-BE54-9A1E7A4F7556}") = "Tyuiu.BabaiKV.Sprint4.Task1.V28.Test", "Tyuiu.BabaiKV.Sprint4.Task1.V28.Test\Tyuiu.BabaiKV.Sprint4.Task1.V28.Test.csproj", "{96741269-36B9-41D2-880C-5A66FEC51B7D}"
EndProject
Project("{2150E333-8FDC-42A3-9474-1A3956D46DE8}") = "Task2", "Task2", "{F3E63CD6-F42D-4297-B76A-46C8193A034E}"
EndProject
Project("{FAE04EC0-301F-11D3-BF4B-00C04F79EFBC}") = "Tyuiu.BabaiKV.Sprint4.Task2.V1", "Tyuiu.BabaiKV.Sprint4.Task2.V1\Tyuiu.BabaiKV.Sprint4.Task2.V1.csproj", "{DC0F5E21-ACA4-455A-BB61-3AE2E4726DEF}"
EndProject
Project("{FAE04EC0-301F-11D3-BF4B-00C04F79EFBC}") = "Tyuiu.BabaiKV.Sprint4.Task2.V1.Lib", "Tyuiu.BabaiKV.Sprint4.Task2.V1.Lib\Tyuiu.BabaiKV.Sprint4.Task2.V1.Lib.csproj", "{0B4C83BF-6049-4B0A-B4A4-F3ED5A74FA3A}"
EndProject
Project("{FAE04EC0-301F-11D3-BF4B-00C04F79EFBC}") = "Tyuiu.BabaiKV.Sprint4.Task2.V1.Test", "Tyuiu.BabaiKV.Sprint4.Task2.V1.Test\Tyuiu.BabaiKV.Sprint4.Task2.V1.Test.csproj", "{AB2ADB73-B000-4BF9-BE0F-A94CA1D3112E}"
EndProject
Global
	GlobalSection(SolutionConfigurationPlatforms) = preSolution
		Debug|Any CPU = Debug|Any CPU
		Release|Any CPU = Release|Any CPU
	EndGlobalSection
	GlobalSection(ProjectConfigurationPlatforms) = postSolution
		{C2CAC68A-2111-4B0A-A298-68BFEDBBED11}.Debug|Any CPU.ActiveCfg = Debug|Any CPU
		{C2CAC68A-2111-4B0A-A298-68BFEDBBED11}.Debug|Any CPU.Build.0 = Debug|Any CPU
		{C2CAC68A-2111-4B0A-A298-68BFEDBBED11}.Release|Any CPU.ActiveCfg = Release|Any CPU
		{C2CAC68A-2111-4B0A-A298-68BFEDBBED11}.Release|Any CPU.Build.0 = Release|Any CPU
		{77A925D4-A373-4E40-A05B-DC9EB03B7031}.Debug|Any CPU.ActiveCfg = Debug|Any CPU
		{77A925D4-A373-4E40-A05B-DC9EB03B7031}.Debug|Any CPU.Build.0 = Debug|Any CPU
		{77A925D4-A373-4E40-A05B-DC9EB03B7031}.Release|Any CPU.ActiveCfg = Release|Any CPU
		{77A925D4-A373-4E40-A05B-DC9EB03B7031}.Release|Any CPU.Build.0 = Release|Any CPU
		{2C9143E3-54AA-475A-ABD0-2288BF43DB53}.Debug|Any CPU.ActiveCfg = Debug|Any CPU
		{2C9143E3-54AA-475A-ABD0-2288BF43DB53}.Debug|Any CPU.Build.0 = Debug|Any CPU
		{2C9143E3-54AA-475A-ABD0-2288BF43DB53}.Release|Any CPU.ActiveCfg = Release|Any CPU
		{2C9143E3-54AA-475A-ABD0-2288BF43DB53}.Release|Any CPU.Build.0 = Release|Any CPU
		{37037A4C-F2CC-4E7B-8F2B-11DD39479ADD}.Debug|Any CPU.ActiveCfg = Debug|Any CPU
		{37037A4C-F2CC-4E7B-8F2B-11DD39479ADD}.Debug|Any CPU.Build.0 = Debug|Any CPU
		{37037A4C-F2CC-4E7B-8F2B-11DD39479ADD}.Release|Any CPU.ActiveCfg = Release|Any CPU
		{37037A4C-F2CC-4E7B-8F2B-11DD39479ADD}.Release|Any CPU.Build.0 = Release|Any CPU
		{806E028F-AE41-4F3D-8062-881C1A854174}.Debug|Any CPU.ActiveCfg = Debug|Any CPU
		{806E028F-AE41-4F3D-8062-881C1A854174}.Debug|Any CPU.Build.0 = Debug|Any CPU
		{806E028F-AE41-4F3D-8062-881C1A854174}.Release|Any CPU.ActiveCfg = Release|Any CPU
		{806E028F-AE41-4F3D-8062-881C1A854174}.Release|Any CPU.Build.0 = Release|Any CPU
		{96741269-36B9-41D2-880C-5A66FEC51B7D}.Debug|Any CPU.ActiveCfg = Debug|Any CPU
		{96741269-36B9-41D2-880C-5A66FEC51B7D}.Debug|Any CPU.Build.0 = Debug|Any CPU
		{96741269-36B9-41D2-880C-5A66FEC51B7D}.Release|Any CPU.ActiveCfg = Release|Any CPU
		{96741269-36B9-41D2-880C-5A66FEC51B7D}.Release|Any CPU.Build.0 = Release|Any CPU
		{DC0F5E21-ACA4-455A-BB61-3AE2E4726DEF}.Debug|Any CPU.ActiveCfg = Debug|Any CPU
		{DC0F5E21-ACA4-455A-BB61-3AE2E4726DEF}.Debug|Any CPU.Build.0 = Debug|Any CPU
		{DC0F5E21-ACA4-455A-BB61-3AE2E4726DEF}.Release|Any CPU.ActiveCfg = Release|Any CPU
		{DC0F5E21-ACA4-455A-BB61-3AE2E4726DEF}.Release|Any CPU.Build.0 = Release|Any CPU
		{0B4C83BF-6049-4B0A-B4A4-F3ED5A74FA3A}.Debug|Any CPU.ActiveCfg = Debug|Any CPU
		{0B4C83BF-6049-4B0A-B4A4-F3ED5A74FA3A}.Debug|Any CPU.Build.0 = Debug|Any CPU
		{0B4C83BF-6049-4B0A-B4A4-F3ED5A74FA3A}.Release|Any CPU.ActiveCfg = Release|Any CPU
		{0B4C83BF-6049-4B0A-B4A4-F3ED5A74FA3A}.Release|Any CPU.Build.0 = Release|Any CPU
		{AB2ADB73-B000-4BF9-BE0F-A94CA1D3112E}.Debug|Any CPU.ActiveCfg = Debug|Any CPU
		{AB2ADB73-B000-4BF9-BE0F-A94CA1D3112E}.Debug|Any CPU.Build.0 = Debug|Any CPU
		{AB2ADB73-B000-4BF9-BE0F-A94CA1D3112E}.Release|Any CPU.ActiveCfg = Release|Any CPU
		{AB2ADB73-B000-4BF9-BE0F-A94CA1D3112E}.Release|Any CPU.Build.0 = Release|Any CPU
	EndGlobalSection
	GlobalSection(SolutionProperties) = preSolution
		HideSolutionNode = FALSE
	EndGlobalSection
	GlobalSection(NestedProjects) = preSolution
		{C2CAC68A-2111-4B0A-A298-68BFEDBBED11} = {01626318-8E36-42A7-B191-5D568D761946}
		{77A925D4-A373-4E40-A05B-DC9EB03B7031} = {01626318-8E36-42A7-B191-5D568D761946}
		{2C9143E3-54AA-475A-ABD0-2288BF43DB53} = {01626318-8E36-42A7-B191-5D568D761946}
		{37037A4C-F2CC-4E7B-8F2B-11DD39479ADD} = {EE2F7A02-2D1A-429D-A400-3A0194BEBE53}
		{806E028F-AE41-4F3D-8062-881C1A854174} = {EE2F7A02-2D1A-429D-A400-3A0194BEBE53}
		{96741269-36B9-41D2-880C-5A66FEC51B7D} = {EE2F7A02-2D1A-429D-A400-3A0194BEBE53}
		{DC0F5E21-ACA4-455A-BB61-3AE2E4726DEF} = {F3E63CD6-F42D-4297-B76A-46C8193A034E}
		{0B4C83BF-6049-4B0A-B4A4-F3ED5A74FA3A} = {F3E63CD6-F42D-4297-B76A-46C8193A034E}
		{AB2ADB73-B000-4BF9-BE0F-A94CA1D3112E} = {F3E63CD6-F42D-4297-B76A-46C8193A034E}
	EndGlobalSection
	GlobalSection(ExtensibilityGlobals) = postSolution
		SolutionGuid = {F947D749-82E0-4028-82DD-6C6E78EEF9F2}
	EndGlobalSection
EndGlobal
