
Microsoft Visual Studio Solution File, Format Version 12.00
# Visual Studio Version 17
VisualStudioVersion = 17.11.35327.3
MinimumVisualStudioVersion = 10.0.40219.1
Project("{2150E333-8FDC-42A3-9474-1A3956D46DE8}") = "Task0", "Task0", "{01626318-8E36-42A7-B191-5D568D761946}"
EndProject
Project("{FAE04EC0-301F-11D3-BF4B-00C04F79EFBC}") = "Tyuiu.BabaiKV.Sprint4.Task0.V19", "Tyuiu.BabaiKV.Sprint4.Task0.V19\Tyuiu.BabaiKV.Sprint4.Task0.V19.csproj", "{C2CAC68A-2111-4B0A-A298-68BFEDBBED11}"
EndProject
Project("{FAE04EC0-301F-11D3-BF4B-00C04F79EFBC}") = "Tyuiu.BabaiKV.Sprint4.Task0.V19.Lib", "Tyuiu.BabaiKV.Sprint4.Task0.V19.Lib\Tyuiu.BabaiKV.Sprint4.Task0.V19.Lib.csproj", "{77A925D4-A373-4E40-A05B-DC9EB03B7031}"
EndProject
Project("{FAE04EC0-301F-11D3-BF4B-00C04F79EFBC}") = "Tyuiu.BabaiKV.Sprint4.Task0.V19.Test", "Tyuiu.BabaiKV.Sprint4.Task0.V19.Test\Tyuiu.BabaiKV.Sprint4.Task0.V19.Test.csproj", "{2C9143E3-54AA-475A-ABD0-2288BF43DB53}"
EndProject
Global
	GlobalSection(SolutionConfigurationPlatforms) = preSolution
		Debug|Any CPU = Debug|Any CPU
		Release|Any CPU = Release|Any CPU
	EndGlobalSection
	GlobalSection(ProjectConfigurationPlatforms) = postSolution
		{C2CAC68A-2111-4B0A-A298-68BFEDBBED11}.Debug|Any CPU.ActiveCfg = Debug|Any CPU
		{C2CAC68A-2111-4B0A-A298-68BFEDBBED11}.Debug|Any CPU.Build.0 = Debug|Any CPU
		{C2CAC68A-2111-4B0A-A298-68BFEDBBED11}.Release|Any CPU.ActiveCfg = Release|Any CPU
		{C2CAC68A-2111-4B0A-A298-68BFEDBBED11}.Release|Any CPU.Build.0 = Release|Any CPU
		{77A925D4-A373-4E40-A05B-DC9EB03B7031}.Debug|Any CPU.ActiveCfg = Debug|Any CPU
		{77A925D4-A373-4E40-A05B-DC9EB03B7031}.Debug|Any CPU.Build.0 = Debug|Any CPU
		{77A925D4-A373-4E40-A05B-DC9EB03B7031}.Release|Any CPU.ActiveCfg = Release|Any CPU
		{77A925D4-A373-4E40-A05B-DC9EB03B7031}.Release|Any CPU.Build.0 = Release|Any CPU
		{2C9143E3-54AA-475A-ABD0-2288BF43DB53}.Debug|Any CPU.ActiveCfg = Debug|Any CPU
		{2C9143E3-54AA-475A-ABD0-2288BF43DB53}.Debug|Any CPU.Build.0 = Debug|Any CPU
		{2C9143E3-54AA-475A-ABD0-2288BF43DB53}.Release|Any CPU.ActiveCfg = Release|Any CPU
		{2C9143E3-54AA-475A-ABD0-2288BF43DB53}.Release|Any CPU.Build.0 = Release|Any CPU
	EndGlobalSection
	GlobalSection(SolutionProperties) = preSolution
		HideSolutionNode = FALSE
	EndGlobalSection
	GlobalSection(NestedProjects) = preSolution
		{C2CAC68A-2111-4B0A-A298-68BFEDBBED11} = {01626318-8E36-42A7-B191-5D568D761946}
		{77A925D4-A373-4E40-A05B-DC9EB03B7031} = {01626318-8E36-42A7-B191-5D568D761946}
		{2C9143E3-54AA-475A-ABD0-2288BF43DB53} = {01626318-8E36-42A7-B191-5D568D761946}
	EndGlobalSection
	GlobalSection(ExtensibilityGlobals) = postSolution
		SolutionGuid = {F947D749-82E0-4028-82DD-6C6E78EEF9F2}
	EndGlobalSection
EndGlobal
