
Microsoft Visual Studio Solution File, Format Version 12.00
# Visual Studio Version 17
VisualStudioVersion = 17.11.35327.3
MinimumVisualStudioVersion = 10.0.40219.1
Project("{2150E333-8FDC-42A3-9474-1A3956D46DE8}") = "Task0", "Task0", "{01626318-8E36-42A7-B191-5D568D761946}"
EndProject
Project("{9A19103F-16F7-4668-BE54-9A1E7A4F7556}") = "Tyuiu.BabaiKV.Sprint4.Task0.V19", "Tyuiu.BabaiKV.Sprint4.Task0.V19\Tyuiu.BabaiKV.Sprint4.Task0.V19.csproj", "{C2CAC68A-2111-4B0A-A298-68BFEDBBED11}"
EndProject
Project("{9A19103F-16F7-4668-BE54-9A1E7A4F7556}") = "Tyuiu.BabaiKV.Sprint4.Task0.V19.Lib", "Tyuiu.BabaiKV.Sprint4.Task0.V19.Lib\Tyuiu.BabaiKV.Sprint4.Task0.V19.Lib.csproj", "{77A925D4-A373-4E40-A05B-DC9EB03B7031}"
EndProject
Project("{9A19103F-16F7-4668-BE54-9A1E7A4F7556}") = "Tyuiu.BabaiKV.Sprint4.Task0.V19.Test", "Tyuiu.BabaiKV.Sprint4.Task0.V19.Test\Tyuiu.BabaiKV.Sprint4.Task0.V19.Test.csproj", "{2C9143E3-54AA-475A-ABD0-2288BF43DB53}"
EndProject
Project("{2150E333-8FDC-42A3-9474-1A3956D46DE8}") = "Task1", "Task1", "{EE2F7A02-2D1A-429D-A400-3A0194BEBE53}"
EndProject
Project("{9A19103F-16F7-4668-BE54-9A1E7A4F7556}") = "Tyuiu.BabaiKV.Sprint4.Task1.V28", "Tyuiu.BabaiKV.Sprint4.Task1.V28\Tyuiu.BabaiKV.Sprint4.Task1.V28.csproj", "{37037A4C-F2CC-4E7B-8F2B-11DD39479ADD}"
EndProject
Project("{9A19103F-16F7-4668-BE54-9A1E7A4F7556}") = "Tyuiu.BabaiKV.Sprint4.Task1.V28.Lib", "Tyuiu.BabaiKV.Sprint4.Task1.V28.Lib\Tyuiu.BabaiKV.Sprint4.Task1.V28.Lib.csproj", "{806E028F-AE41-4F3D-8062-881C1A854174}"
EndProject
Project("{9A19103F-16F7-4668-BE54-9A1E7A4F7556}") = "Tyuiu.BabaiKV.Sprint4.Task1.V28.Test", "Tyuiu.BabaiKV.Sprint4.Task1.V28.Test\Tyuiu.BabaiKV.Sprint4.Task1.V28.Test.csproj", "{96741269-36B9-41D2-880C-5A66FEC51B7D}"
EndProject
Project("{2150E333-8FDC-42A3-9474-1A3956D46DE8}") = "Task2", "Task2", "{F3E63CD6-F42D-4297-B76A-46C8193A034E}"
EndProject
Project("{9A19103F-16F7-4668-BE54-9A1E7A4F7556}") = "Tyuiu.BabaiKV.Sprint4.Task2.V1", "Tyuiu.BabaiKV.Sprint4.Task2.V1\Tyuiu.BabaiKV.Sprint4.Task2.V1.csproj", "{DC0F5E21-ACA4-455A-BB61-3AE2E4726DEF}"
EndProject
Project("{9A19103F-16F7-4668-BE54-9A1E7A4F7556}") = "Tyuiu.BabaiKV.Sprint4.Task2.V1.Lib", "Tyuiu.BabaiKV.Sprint4.Task2.V1.Lib\Tyuiu.BabaiKV.Sprint4.Task2.V1.Lib.csproj", "{0B4C83BF-6049-4B0A-B4A4-F3ED5A74FA3A}"
EndProject
Project("{9A19103F-16F7-4668-BE54-9A1E7A4F7556}") = "Tyuiu.BabaiKV.Sprint4.Task2.V1.Test", "Tyuiu.BabaiKV.Sprint4.Task2.V1.Test\Tyuiu.BabaiKV.Sprint4.Task2.V1.Test.csproj", "{AB2ADB73-B000-4BF9-BE0F-A94CA1D3112E}"
EndProject
Project("{2150E333-8FDC-42A3-9474-1A3956D46DE8}") = "Task3", "Task3", "{2341736D-9644-4632-917B-4D84B3CE26B3}"
EndProject
Project("{9A19103F-16F7-4668-BE54-9A1E7A4F7556}") = "Tyuiu.BabaiKV.Sprint4.Task3.V26", "Tyuiu.BabaiKV.Sprint4.Task3.V26\Tyuiu.BabaiKV.Sprint4.Task3.V26.csproj", "{117BCD89-3C62-4674-94B4-5B492D157B8C}"
EndProject
Project("{9A19103F-16F7-4668-BE54-9A1E7A4F7556}") = "Tyuiu.BabaiKV.Sprint4.Task3.V26.Lib", "Tyuiu.BabaiKV.Sprint4.Task3.V26.Lib\Tyuiu.BabaiKV.Sprint4.Task3.V26.Lib.csproj", "{2F4C12D4-C889-4CAF-81CC-43605122E9A0}"
EndProject
Project("{9A19103F-16F7-4668-BE54-9A1E7A4F7556}") = "Tyuiu.BabaiKV.Sprint4.Task3.V26.Test", "Tyuiu.BabaiKV.Sprint4.Task3.V26.Test\Tyuiu.BabaiKV.Sprint4.Task3.V26.Test.csproj", "{64795F90-B971-4FC9-971B-C63A3294D97C}"
EndProject
Project("{2150E333-8FDC-42A3-9474-1A3956D46DE8}") = "Task4", "Task4", "{39B70386-FAF8-4E04-AA39-E80A3E16AC42}"
EndProject
Project("{9A19103F-16F7-4668-BE54-9A1E7A4F7556}") = "Tyuiu.BabaiKV.Sprint4.Task4.V3", "Tyuiu.BabaiKV.Sprint4.Task4.V3\Tyuiu.BabaiKV.Sprint4.Task4.V3.csproj", "{F68D1956-F7A4-4559-BC17-1D1126A551C9}"
EndProject
Project("{9A19103F-16F7-4668-BE54-9A1E7A4F7556}") = "Tyuiu.BabaiKV.Sprint4.Task4.V3.Lib", "Tyuiu.BabaiKV.Sprint4.Task4.V3.Lib\Tyuiu.BabaiKV.Sprint4.Task4.V3.Lib.csproj", "{096CA83E-39AD-4CB1-80D9-17553FAE727E}"
EndProject
Project("{9A19103F-16F7-4668-BE54-9A1E7A4F7556}") = "Tyuiu.BabaiKV.Sprint4.Task4.V3.Test", "Tyuiu.BabaiKV.Sprint4.Task4.V3.Test\Tyuiu.BabaiKV.Sprint4.Task4.V3.Test.csproj", "{08CF11C7-62F2-4F4B-8DBF-216216D7FCF5}"
EndProject
Project("{2150E333-8FDC-42A3-9474-1A3956D46DE8}") = "Task5", "Task5", "{EE6B0CD8-5BAC-4922-B5E7-6643D44F6313}"
EndProject
Project("{9A19103F-16F7-4668-BE54-9A1E7A4F7556}") = "Tyuiu.BabaiKV.Sprint4.Task5.V6", "Tyuiu.BabaiKV.Sprint4.Task5.V6\Tyuiu.BabaiKV.Sprint4.Task5.V6.csproj", "{9B6EBC35-9CC1-4C84-9639-EEE0D3CB82CE}"
EndProject
Project("{9A19103F-16F7-4668-BE54-9A1E7A4F7556}") = "Tyuiu.BabaiKV.Sprint4.Task5.V6.Lib", "Tyuiu.BabaiKV.Sprint4.Task5.V6.Lib\Tyuiu.BabaiKV.Sprint4.Task5.V6.Lib.csproj", "{94793973-6DB3-428D-BB38-9199F1C56263}"
EndProject
Project("{9A19103F-16F7-4668-BE54-9A1E7A4F7556}") = "Tyuiu.BabaiKV.Sprint4.Task5.V6.Test", "Tyuiu.BabaiKV.Sprint4.Task5.V6.Test\Tyuiu.BabaiKV.Sprint4.Task5.V6.Test.csproj", "{E3B3CA94-F0FF-43E1-9576-75474DF58D7F}"
EndProject
Project("{2150E333-8FDC-42A3-9474-1A3956D46DE8}") = "Task6", "Task6", "{06E5D1BA-43A3-4DFE-BA00-DD7E329A0703}"
EndProject
Project("{9A19103F-16F7-4668-BE54-9A1E7A4F7556}") = "Tyuiu.BabaiKV.Sprint4.Task6.V24", "Tyuiu.BabaiKV.Sprint4.Task6.V24\Tyuiu.BabaiKV.Sprint4.Task6.V24.csproj", "{56AD031B-86CD-4715-9EFF-60A35D92D309}"
EndProject
Project("{9A19103F-16F7-4668-BE54-9A1E7A4F7556}") = "Tyuiu.BabaiKV.Sprint4.Task6.V24.Lib", "Tyuiu.BabaiKV.Sprint4.Task6.V24.Lib\Tyuiu.BabaiKV.Sprint4.Task6.V24.Lib.csproj", "{8258E2E3-11CA-4793-BDF9-560D69BC2B3D}"
EndProject
Project("{9A19103F-16F7-4668-BE54-9A1E7A4F7556}") = "Tyuiu.BabaiKV.Sprint4.Task6.V24.Test", "Tyuiu.BabaiKV.Sprint4.Task6.V24.Test\Tyuiu.BabaiKV.Sprint4.Task6.V24.Test.csproj", "{8160AC86-FB23-42C0-A275-6F08D0D8BA16}"
EndProject
Project("{2150E333-8FDC-42A3-9474-1A3956D46DE8}") = "Task7", "Task7", "{24427FC7-A907-45BC-ADFA-080F55096F53}"
EndProject
Project("{FAE04EC0-301F-11D3-BF4B-00C04F79EFBC}") = "Tyuiu.BabaiKV.Sprint4.Task7.V12", "Tyuiu.BabaiKV.Sprint4.Task7.V12\Tyuiu.BabaiKV.Sprint4.Task7.V12.csproj", "{B7B75DC5-38E4-4948-9819-1B553CBC74C3}"
EndProject
Project("{FAE04EC0-301F-11D3-BF4B-00C04F79EFBC}") = "Tyuiu.BabaiKV.Sprint4.Task7.V12.Lib", "Tyuiu.BabaiKV.Sprint4.Task7.V12.Lib\Tyuiu.BabaiKV.Sprint4.Task7.V12.Lib.csproj", "{8188542C-D73A-4AB4-BC04-B85A2E39E7CE}"
EndProject
Project("{FAE04EC0-301F-11D3-BF4B-00C04F79EFBC}") = "Tyuiu.BabaiKV.Sprint4.Task7.V12.Test", "Tyuiu.BabaiKV.Sprint4.Task7.V12.Test\Tyuiu.BabaiKV.Sprint4.Task7.V12.Test.csproj", "{77E657B0-6D74-4DB6-A0EC-429800476896}"
EndProject
Global
	GlobalSection(SolutionConfigurationPlatforms) = preSolution
		Debug|Any CPU = Debug|Any CPU
		Release|Any CPU = Release|Any CPU
	EndGlobalSection
	GlobalSection(ProjectConfigurationPlatforms) = postSolution
		{C2CAC68A-2111-4B0A-A298-68BFEDBBED11}.Debug|Any CPU.ActiveCfg = Debug|Any CPU
		{C2CAC68A-2111-4B0A-A298-68BFEDBBED11}.Debug|Any CPU.Build.0 = Debug|Any CPU
		{C2CAC68A-2111-4B0A-A298-68BFEDBBED11}.Release|Any CPU.ActiveCfg = Release|Any CPU
		{C2CAC68A-2111-4B0A-A298-68BFEDBBED11}.Release|Any CPU.Build.0 = Release|Any CPU
		{77A925D4-A373-4E40-A05B-DC9EB03B7031}.Debug|Any CPU.ActiveCfg = Debug|Any CPU
		{77A925D4-A373-4E40-A05B-DC9EB03B7031}.Debug|Any CPU.Build.0 = Debug|Any CPU
		{77A925D4-A373-4E40-A05B-DC9EB03B7031}.Release|Any CPU.ActiveCfg = Release|Any CPU
		{77A925D4-A373-4E40-A05B-DC9EB03B7031}.Release|Any CPU.Build.0 = Release|Any CPU
		{2C9143E3-54AA-475A-ABD0-2288BF43DB53}.Debug|Any CPU.ActiveCfg = Debug|Any CPU
		{2C9143E3-54AA-475A-ABD0-2288BF43DB53}.Debug|Any CPU.Build.0 = Debug|Any CPU
		{2C9143E3-54AA-475A-ABD0-2288BF43DB53}.Release|Any CPU.ActiveCfg = Release|Any CPU
		{2C9143E3-54AA-475A-ABD0-2288BF43DB53}.Release|Any CPU.Build.0 = Release|Any CPU
		{37037A4C-F2CC-4E7B-8F2B-11DD39479ADD}.Debug|Any CPU.ActiveCfg = Debug|Any CPU
		{37037A4C-F2CC-4E7B-8F2B-11DD39479ADD}.Debug|Any CPU.Build.0 = Debug|Any CPU
		{37037A4C-F2CC-4E7B-8F2B-11DD39479ADD}.Release|Any CPU.ActiveCfg = Release|Any CPU
		{37037A4C-F2CC-4E7B-8F2B-11DD39479ADD}.Release|Any CPU.Build.0 = Release|Any CPU
		{806E028F-AE41-4F3D-8062-881C1A854174}.Debug|Any CPU.ActiveCfg = Debug|Any CPU
		{806E028F-AE41-4F3D-8062-881C1A854174}.Debug|Any CPU.Build.0 = Debug|Any CPU
		{806E028F-AE41-4F3D-8062-881C1A854174}.Release|Any CPU.ActiveCfg = Release|Any CPU
		{806E028F-AE41-4F3D-8062-881C1A854174}.Release|Any CPU.Build.0 = Release|Any CPU
		{96741269-36B9-41D2-880C-5A66FEC51B7D}.Debug|Any CPU.ActiveCfg = Debug|Any CPU
		{96741269-36B9-41D2-880C-5A66FEC51B7D}.Debug|Any CPU.Build.0 = Debug|Any CPU
		{96741269-36B9-41D2-880C-5A66FEC51B7D}.Release|Any CPU.ActiveCfg = Release|Any CPU
		{96741269-36B9-41D2-880C-5A66FEC51B7D}.Release|Any CPU.Build.0 = Release|Any CPU
		{DC0F5E21-ACA4-455A-BB61-3AE2E4726DEF}.Debug|Any CPU.ActiveCfg = Debug|Any CPU
		{DC0F5E21-ACA4-455A-BB61-3AE2E4726DEF}.Debug|Any CPU.Build.0 = Debug|Any CPU
		{DC0F5E21-ACA4-455A-BB61-3AE2E4726DEF}.Release|Any CPU.ActiveCfg = Release|Any CPU
		{DC0F5E21-ACA4-455A-BB61-3AE2E4726DEF}.Release|Any CPU.Build.0 = Release|Any CPU
		{0B4C83BF-6049-4B0A-B4A4-F3ED5A74FA3A}.Debug|Any CPU.ActiveCfg = Debug|Any CPU
		{0B4C83BF-6049-4B0A-B4A4-F3ED5A74FA3A}.Debug|Any CPU.Build.0 = Debug|Any CPU
		{0B4C83BF-6049-4B0A-B4A4-F3ED5A74FA3A}.Release|Any CPU.ActiveCfg = Release|Any CPU
		{0B4C83BF-6049-4B0A-B4A4-F3ED5A74FA3A}.Release|Any CPU.Build.0 = Release|Any CPU
		{AB2ADB73-B000-4BF9-BE0F-A94CA1D3112E}.Debug|Any CPU.ActiveCfg = Debug|Any CPU
		{AB2ADB73-B000-4BF9-BE0F-A94CA1D3112E}.Debug|Any CPU.Build.0 = Debug|Any CPU
		{AB2ADB73-B000-4BF9-BE0F-A94CA1D3112E}.Release|Any CPU.ActiveCfg = Release|Any CPU
		{AB2ADB73-B000-4BF9-BE0F-A94CA1D3112E}.Release|Any CPU.Build.0 = Release|Any CPU
		{117BCD89-3C62-4674-94B4-5B492D157B8C}.Debug|Any CPU.ActiveCfg = Debug|Any CPU
		{117BCD89-3C62-4674-94B4-5B492D157B8C}.Debug|Any CPU.Build.0 = Debug|Any CPU
		{117BCD89-3C62-4674-94B4-5B492D157B8C}.Release|Any CPU.ActiveCfg = Release|Any CPU
		{117BCD89-3C62-4674-94B4-5B492D157B8C}.Release|Any CPU.Build.0 = Release|Any CPU
		{2F4C12D4-C889-4CAF-81CC-43605122E9A0}.Debug|Any CPU.ActiveCfg = Debug|Any CPU
		{2F4C12D4-C889-4CAF-81CC-43605122E9A0}.Debug|Any CPU.Build.0 = Debug|Any CPU
		{2F4C12D4-C889-4CAF-81CC-43605122E9A0}.Release|Any CPU.ActiveCfg = Release|Any CPU
		{2F4C12D4-C889-4CAF-81CC-43605122E9A0}.Release|Any CPU.Build.0 = Release|Any CPU
		{64795F90-B971-4FC9-971B-C63A3294D97C}.Debug|Any CPU.ActiveCfg = Debug|Any CPU
		{64795F90-B971-4FC9-971B-C63A3294D97C}.Debug|Any CPU.Build.0 = Debug|Any CPU
		{64795F90-B971-4FC9-971B-C63A3294D97C}.Release|Any CPU.ActiveCfg = Release|Any CPU
		{64795F90-B971-4FC9-971B-C63A3294D97C}.Release|Any CPU.Build.0 = Release|Any CPU
		{F68D1956-F7A4-4559-BC17-1D1126A551C9}.Debug|Any CPU.ActiveCfg = Debug|Any CPU
		{F68D1956-F7A4-4559-BC17-1D1126A551C9}.Debug|Any CPU.Build.0 = Debug|Any CPU
		{F68D1956-F7A4-4559-BC17-1D1126A551C9}.Release|Any CPU.ActiveCfg = Release|Any CPU
		{F68D1956-F7A4-4559-BC17-1D1126A551C9}.Release|Any CPU.Build.0 = Release|Any CPU
		{096CA83E-39AD-4CB1-80D9-17553FAE727E}.Debug|Any CPU.ActiveCfg = Debug|Any CPU
		{096CA83E-39AD-4CB1-80D9-17553FAE727E}.Debug|Any CPU.Build.0 = Debug|Any CPU
		{096CA83E-39AD-4CB1-80D9-17553FAE727E}.Release|Any CPU.ActiveCfg = Release|Any CPU
		{096CA83E-39AD-4CB1-80D9-17553FAE727E}.Release|Any CPU.Build.0 = Release|Any CPU
		{08CF11C7-62F2-4F4B-8DBF-216216D7FCF5}.Debug|Any CPU.ActiveCfg = Debug|Any CPU
		{08CF11C7-62F2-4F4B-8DBF-216216D7FCF5}.Debug|Any CPU.Build.0 = Debug|Any CPU
		{08CF11C7-62F2-4F4B-8DBF-216216D7FCF5}.Release|Any CPU.ActiveCfg = Release|Any CPU
		{08CF11C7-62F2-4F4B-8DBF-216216D7FCF5}.Release|Any CPU.Build.0 = Release|Any CPU
		{9B6EBC35-9CC1-4C84-9639-EEE0D3CB82CE}.Debug|Any CPU.ActiveCfg = Debug|Any CPU
		{9B6EBC35-9CC1-4C84-9639-EEE0D3CB82CE}.Debug|Any CPU.Build.0 = Debug|Any CPU
		{9B6EBC35-9CC1-4C84-9639-EEE0D3CB82CE}.Release|Any CPU.ActiveCfg = Release|Any CPU
		{9B6EBC35-9CC1-4C84-9639-EEE0D3CB82CE}.Release|Any CPU.Build.0 = Release|Any CPU
		{94793973-6DB3-428D-BB38-9199F1C56263}.Debug|Any CPU.ActiveCfg = Debug|Any CPU
		{94793973-6DB3-428D-BB38-9199F1C56263}.Debug|Any CPU.Build.0 = Debug|Any CPU
		{94793973-6DB3-428D-BB38-9199F1C56263}.Release|Any CPU.ActiveCfg = Release|Any CPU
		{94793973-6DB3-428D-BB38-9199F1C56263}.Release|Any CPU.Build.0 = Release|Any CPU
		{E3B3CA94-F0FF-43E1-9576-75474DF58D7F}.Debug|Any CPU.ActiveCfg = Debug|Any CPU
		{E3B3CA94-F0FF-43E1-9576-75474DF58D7F}.Debug|Any CPU.Build.0 = Debug|Any CPU
		{E3B3CA94-F0FF-43E1-9576-75474DF58D7F}.Release|Any CPU.ActiveCfg = Release|Any CPU
		{E3B3CA94-F0FF-43E1-9576-75474DF58D7F}.Release|Any CPU.Build.0 = Release|Any CPU
		{56AD031B-86CD-4715-9EFF-60A35D92D309}.Debug|Any CPU.ActiveCfg = Debug|Any CPU
		{56AD031B-86CD-4715-9EFF-60A35D92D309}.Debug|Any CPU.Build.0 = Debug|Any CPU
		{56AD031B-86CD-4715-9EFF-60A35D92D309}.Release|Any CPU.ActiveCfg = Release|Any CPU
		{56AD031B-86CD-4715-9EFF-60A35D92D309}.Release|Any CPU.Build.0 = Release|Any CPU
		{8258E2E3-11CA-4793-BDF9-560D69BC2B3D}.Debug|Any CPU.ActiveCfg = Debug|Any CPU
		{8258E2E3-11CA-4793-BDF9-560D69BC2B3D}.Debug|Any CPU.Build.0 = Debug|Any CPU
		{8258E2E3-11CA-4793-BDF9-560D69BC2B3D}.Release|Any CPU.ActiveCfg = Release|Any CPU
		{8258E2E3-11CA-4793-BDF9-560D69BC2B3D}.Release|Any CPU.Build.0 = Release|Any CPU
		{8160AC86-FB23-42C0-A275-6F08D0D8BA16}.Debug|Any CPU.ActiveCfg = Debug|Any CPU
		{8160AC86-FB23-42C0-A275-6F08D0D8BA16}.Debug|Any CPU.Build.0 = Debug|Any CPU
		{8160AC86-FB23-42C0-A275-6F08D0D8BA16}.Release|Any CPU.ActiveCfg = Release|Any CPU
		{8160AC86-FB23-42C0-A275-6F08D0D8BA16}.Release|Any CPU.Build.0 = Release|Any CPU
		{B7B75DC5-38E4-4948-9819-1B553CBC74C3}.Debug|Any CPU.ActiveCfg = Debug|Any CPU
		{B7B75DC5-38E4-4948-9819-1B553CBC74C3}.Debug|Any CPU.Build.0 = Debug|Any CPU
		{B7B75DC5-38E4-4948-9819-1B553CBC74C3}.Release|Any CPU.ActiveCfg = Release|Any CPU
		{B7B75DC5-38E4-4948-9819-1B553CBC74C3}.Release|Any CPU.Build.0 = Release|Any CPU
		{8188542C-D73A-4AB4-BC04-B85A2E39E7CE}.Debug|Any CPU.ActiveCfg = Debug|Any CPU
		{8188542C-D73A-4AB4-BC04-B85A2E39E7CE}.Debug|Any CPU.Build.0 = Debug|Any CPU
		{8188542C-D73A-4AB4-BC04-B85A2E39E7CE}.Release|Any CPU.ActiveCfg = Release|Any CPU
		{8188542C-D73A-4AB4-BC04-B85A2E39E7CE}.Release|Any CPU.Build.0 = Release|Any CPU
		{77E657B0-6D74-4DB6-A0EC-429800476896}.Debug|Any CPU.ActiveCfg = Debug|Any CPU
		{77E657B0-6D74-4DB6-A0EC-429800476896}.Debug|Any CPU.Build.0 = Debug|Any CPU
		{77E657B0-6D74-4DB6-A0EC-429800476896}.Release|Any CPU.ActiveCfg = Release|Any CPU
		{77E657B0-6D74-4DB6-A0EC-429800476896}.Release|Any CPU.Build.0 = Release|Any CPU
	EndGlobalSection
	GlobalSection(SolutionProperties) = preSolution
		HideSolutionNode = FALSE
	EndGlobalSection
	GlobalSection(NestedProjects) = preSolution
		{C2CAC68A-2111-4B0A-A298-68BFEDBBED11} = {01626318-8E36-42A7-B191-5D568D761946}
		{77A925D4-A373-4E40-A05B-DC9EB03B7031} = {01626318-8E36-42A7-B191-5D568D761946}
		{2C9143E3-54AA-475A-ABD0-2288BF43DB53} = {01626318-8E36-42A7-B191-5D568D761946}
		{37037A4C-F2CC-4E7B-8F2B-11DD39479ADD} = {EE2F7A02-2D1A-429D-A400-3A0194BEBE53}
		{806E028F-AE41-4F3D-8062-881C1A854174} = {EE2F7A02-2D1A-429D-A400-3A0194BEBE53}
		{96741269-36B9-41D2-880C-5A66FEC51B7D} = {EE2F7A02-2D1A-429D-A400-3A0194BEBE53}
		{DC0F5E21-ACA4-455A-BB61-3AE2E4726DEF} = {F3E63CD6-F42D-4297-B76A-46C8193A034E}
		{0B4C83BF-6049-4B0A-B4A4-F3ED5A74FA3A} = {F3E63CD6-F42D-4297-B76A-46C8193A034E}
		{AB2ADB73-B000-4BF9-BE0F-A94CA1D3112E} = {F3E63CD6-F42D-4297-B76A-46C8193A034E}
		{117BCD89-3C62-4674-94B4-5B492D157B8C} = {2341736D-9644-4632-917B-4D84B3CE26B3}
		{2F4C12D4-C889-4CAF-81CC-43605122E9A0} = {2341736D-9644-4632-917B-4D84B3CE26B3}
		{64795F90-B971-4FC9-971B-C63A3294D97C} = {2341736D-9644-4632-917B-4D84B3CE26B3}
		{F68D1956-F7A4-4559-BC17-1D1126A551C9} = {39B70386-FAF8-4E04-AA39-E80A3E16AC42}
		{096CA83E-39AD-4CB1-80D9-17553FAE727E} = {39B70386-FAF8-4E04-AA39-E80A3E16AC42}
		{08CF11C7-62F2-4F4B-8DBF-216216D7FCF5} = {39B70386-FAF8-4E04-AA39-E80A3E16AC42}
		{9B6EBC35-9CC1-4C84-9639-EEE0D3CB82CE} = {EE6B0CD8-5BAC-4922-B5E7-6643D44F6313}
		{94793973-6DB3-428D-BB38-9199F1C56263} = {EE6B0CD8-5BAC-4922-B5E7-6643D44F6313}
		{E3B3CA94-F0FF-43E1-9576-75474DF58D7F} = {EE6B0CD8-5BAC-4922-B5E7-6643D44F6313}
		{56AD031B-86CD-4715-9EFF-60A35D92D309} = {06E5D1BA-43A3-4DFE-BA00-DD7E329A0703}
		{8258E2E3-11CA-4793-BDF9-560D69BC2B3D} = {06E5D1BA-43A3-4DFE-BA00-DD7E329A0703}
		{8160AC86-FB23-42C0-A275-6F08D0D8BA16} = {06E5D1BA-43A3-4DFE-BA00-DD7E329A0703}
		{B7B75DC5-38E4-4948-9819-1B553CBC74C3} = {24427FC7-A907-45BC-ADFA-080F55096F53}
		{8188542C-D73A-4AB4-BC04-B85A2E39E7CE} = {24427FC7-A907-45BC-ADFA-080F55096F53}
		{77E657B0-6D74-4DB6-A0EC-429800476896} = {24427FC7-A907-45BC-ADFA-080F55096F53}
	EndGlobalSection
	GlobalSection(ExtensibilityGlobals) = postSolution
		SolutionGuid = {F947D749-82E0-4028-82DD-6C6E78EEF9F2}
	EndGlobalSection
EndGlobal
